
Microsoft Visual Studio Solution File, Format Version 12.00
# Visual Studio 2017
Project("{FAE04EC0-301F-11D3-BF4B-00C04F79EFBC}") = "OptiScanUnity", "OptiScanUnity.csproj", "{96493FE1-7D34-A204-9585-EB7A8BADA142}"
EndProject
Project("{FAE04EC0-301F-11D3-BF4B-00C04F79EFBC}") = "OptiScanUnity.Editor", "OptiScanUnity.Editor.csproj", "{6245A5B7-36D4-3DF0-3C8A-97E933EC7999}"
EndProject
Global
	GlobalSection(SolutionConfigurationPlatforms) = preSolution
		Debug|Any CPU = Debug|Any CPU
		Release|Any CPU = Release|Any CPU
	EndGlobalSection
	GlobalSection(ProjectConfigurationPlatforms) = postSolution
		{96493FE1-7D34-A204-9585-EB7A8BADA142}.Debug|Any CPU.ActiveCfg = Debug|Any CPU
		{96493FE1-7D34-A204-9585-EB7A8BADA142}.Debug|Any CPU.Build.0 = Debug|Any CPU
		{96493FE1-7D34-A204-9585-EB7A8BADA142}.Release|Any CPU.ActiveCfg = Release|Any CPU
		{96493FE1-7D34-A204-9585-EB7A8BADA142}.Release|Any CPU.Build.0 = Release|Any CPU
		{6245A5B7-36D4-3DF0-3C8A-97E933EC7999}.Debug|Any CPU.ActiveCfg = Debug|Any CPU
		{6245A5B7-36D4-3DF0-3C8A-97E933EC7999}.Debug|Any CPU.Build.0 = Debug|Any CPU
		{6245A5B7-36D4-3DF0-3C8A-97E933EC7999}.Release|Any CPU.ActiveCfg = Release|Any CPU
		{6245A5B7-36D4-3DF0-3C8A-97E933EC7999}.Release|Any CPU.Build.0 = Release|Any CPU
	EndGlobalSection
	GlobalSection(SolutionProperties) = preSolution
		HideSolutionNode = FALSE
	EndGlobalSection
EndGlobal
