
Microsoft Visual Studio Solution File, Format Version 11.00
# Visual Studio 2010
Project("{FAE04EC0-301F-11D3-BF4B-00C04F79EFBC}") = "SharedHolograms", "Assembly-CSharp.csproj", "{DD38C7C8-053D-D492-8E6D-977CA9A79826}"
EndProject
Project("{FAE04EC0-301F-11D3-BF4B-00C04F79EFBC}") = "SharedHolograms", "Assembly-CSharp-Editor.csproj", "{A67123D4-4947-5633-23C8-E4CD8D060197}"
EndProject
Global
	GlobalSection(SolutionConfigurationPlatforms) = preSolution
		Debug|Any CPU = Debug|Any CPU
		Release|Any CPU = Release|Any CPU
	EndGlobalSection
	GlobalSection(ProjectConfigurationPlatforms) = postSolution
		{DD38C7C8-053D-D492-8E6D-977CA9A79826}.Debug|Any CPU.ActiveCfg = Debug|Any CPU
		{DD38C7C8-053D-D492-8E6D-977CA9A79826}.Debug|Any CPU.Build.0 = Debug|Any CPU
		{DD38C7C8-053D-D492-8E6D-977CA9A79826}.Release|Any CPU.ActiveCfg = Release|Any CPU
		{DD38C7C8-053D-D492-8E6D-977CA9A79826}.Release|Any CPU.Build.0 = Release|Any CPU
		{A67123D4-4947-5633-23C8-E4CD8D060197}.Debug|Any CPU.ActiveCfg = Debug|Any CPU
		{A67123D4-4947-5633-23C8-E4CD8D060197}.Debug|Any CPU.Build.0 = Debug|Any CPU
		{A67123D4-4947-5633-23C8-E4CD8D060197}.Release|Any CPU.ActiveCfg = Release|Any CPU
		{A67123D4-4947-5633-23C8-E4CD8D060197}.Release|Any CPU.Build.0 = Release|Any CPU
	EndGlobalSection
	GlobalSection(SolutionProperties) = preSolution
		HideSolutionNode = FALSE
	EndGlobalSection
	GlobalSection(MonoDevelopProperties) = preSolution
		StartupItem = Assembly-CSharp.csproj
	EndGlobalSection
EndGlobal
